
Microsoft Visual Studio Solution File, Format Version 12.00
# Visual Studio Version 17
VisualStudioVersion = 17.12.35707.178
MinimumVisualStudioVersion = 10.0.40219.1
Project("{FAE04EC0-301F-11D3-BF4B-00C04F79EFBC}") = "web-BcoleGardiner.Server", "web-BcoleGardiner.Server\web-BcoleGardiner.Server.csproj", "{E3E7E8A3-E46B-488B-93BD-8DDC55D964E0}"
EndProject
Project("{54A90642-561A-4BB1-A94E-469ADEE60C69}") = "web-bcolegardiner.client", "web-bcolegardiner.client\web-bcolegardiner.client.esproj", "{1D7C6B25-ED29-4CF8-870B-85894573E497}"
EndProject
Project("{2150E333-8FDC-42A3-9474-1A3956D46DE8}") = "Solution Items", "Solution Items", "{60673199-9E3A-4F36-8412-05BC4340F716}"
	ProjectSection(SolutionItems) = preProject
		Directory.Builds.targets = Directory.Builds.targets
	EndProjectSection
EndProject
Global
	GlobalSection(SolutionConfigurationPlatforms) = preSolution
		Debug|Any CPU = Debug|Any CPU
		Release|Any CPU = Release|Any CPU
	EndGlobalSection
	GlobalSection(ProjectConfigurationPlatforms) = postSolution
		{E3E7E8A3-E46B-488B-93BD-8DDC55D964E0}.Debug|Any CPU.ActiveCfg = Debug|Any CPU
		{E3E7E8A3-E46B-488B-93BD-8DDC55D964E0}.Debug|Any CPU.Build.0 = Debug|Any CPU
		{E3E7E8A3-E46B-488B-93BD-8DDC55D964E0}.Release|Any CPU.ActiveCfg = Release|Any CPU
		{E3E7E8A3-E46B-488B-93BD-8DDC55D964E0}.Release|Any CPU.Build.0 = Release|Any CPU
		{1D7C6B25-ED29-4CF8-870B-85894573E497}.Debug|Any CPU.ActiveCfg = Debug|Any CPU
		{1D7C6B25-ED29-4CF8-870B-85894573E497}.Debug|Any CPU.Build.0 = Debug|Any CPU
		{1D7C6B25-ED29-4CF8-870B-85894573E497}.Debug|Any CPU.Deploy.0 = Debug|Any CPU
		{1D7C6B25-ED29-4CF8-870B-85894573E497}.Release|Any CPU.ActiveCfg = Release|Any CPU
		{1D7C6B25-ED29-4CF8-870B-85894573E497}.Release|Any CPU.Build.0 = Release|Any CPU
		{1D7C6B25-ED29-4CF8-870B-85894573E497}.Release|Any CPU.Deploy.0 = Release|Any CPU
	EndGlobalSection
	GlobalSection(SolutionProperties) = preSolution
		HideSolutionNode = FALSE
	EndGlobalSection
EndGlobal
